// !$*UTF8*$!
{
	archiveVersion = 1;
	classes = {
	};
	objectVersion = 77;
	objects = {

/* Begin PBXContainerItemProxy section */
		15B1481C2D5B45D300A032DC /* PBXContainerItemProxy */ = {
			isa = PBXContainerItemProxy;
			containerPortal = 15B147FD2D5B45D200A032DC /* Project object */;
			proxyType = 1;
			remoteGlobalIDString = 15B148042D5B45D200A032DC;
			remoteInfo = CurrencyExchangeApp;
		};
		15B148262D5B45D300A032DC /* PBXContainerItemProxy */ = {
			isa = PBXContainerItemProxy;
			containerPortal = 15B147FD2D5B45D200A032DC /* Project object */;
			proxyType = 1;
			remoteGlobalIDString = 15B148042D5B45D200A032DC;
			remoteInfo = CurrencyExchangeApp;
		};
/* End PBXContainerItemProxy section */

/* Begin PBXFileReference section */
		15B148052D5B45D200A032DC /* CurrencyExchangeApp.app */ = {isa = PBXFileReference; explicitFileType = wrapper.application; includeInIndex = 0; path = CurrencyExchangeApp.app; sourceTree = BUILT_PRODUCTS_DIR; };
		15B1481B2D5B45D300A032DC /* CurrencyExchangeAppTests.xctest */ = {isa = PBXFileReference; explicitFileType = wrapper.cfbundle; includeInIndex = 0; path = CurrencyExchangeAppTests.xctest; sourceTree = BUILT_PRODUCTS_DIR; };
		15B148252D5B45D300A032DC /* CurrencyExchangeAppUITests.xctest */ = {isa = PBXFileReference; explicitFileType = wrapper.cfbundle; includeInIndex = 0; path = CurrencyExchangeAppUITests.xctest; sourceTree = BUILT_PRODUCTS_DIR; };
/* End PBXFileReference section */

/* Begin PBXFileSystemSynchronizedBuildFileExceptionSet section */
		15B1482D2D5B45D300A032DC /* Exceptions for "CurrencyExchangeApp" folder in "CurrencyExchangeApp" target */ = {
			isa = PBXFileSystemSynchronizedBuildFileExceptionSet;
			membershipExceptions = (
				Info.plist,
			);
			target = 15B148042D5B45D200A032DC /* CurrencyExchangeApp */;
		};
/* End PBXFileSystemSynchronizedBuildFileExceptionSet section */

/* Begin PBXFileSystemSynchronizedRootGroup section */
		15B148072D5B45D200A032DC /* CurrencyExchangeApp */ = {
			isa = PBXFileSystemSynchronizedRootGroup;
			exceptions = (
				15B1482D2D5B45D300A032DC /* Exceptions for "CurrencyExchangeApp" folder in "CurrencyExchangeApp" target */,
			);
			path = CurrencyExchangeApp;
			sourceTree = "<group>";
		};
		15B1481E2D5B45D300A032DC /* CurrencyExchangeAppTests */ = {
			isa = PBXFileSystemSynchronizedRootGroup;
			path = CurrencyExchangeAppTests;
			sourceTree = "<group>";
		};
		15B148282D5B45D300A032DC /* CurrencyExchangeAppUITests */ = {
			isa = PBXFileSystemSynchronizedRootGroup;
			path = CurrencyExchangeAppUITests;
			sourceTree = "<group>";
		};
/* End PBXFileSystemSynchronizedRootGroup section */

/* Begin PBXFrameworksBuildPhase section */
		15B148022D5B45D200A032DC /* Frameworks */ = {
			isa = PBXFrameworksBuildPhase;
			buildActionMask = 2147483647;
			files = (
			);
			runOnlyForDeploymentPostprocessing = 0;
		};
		15B148182D5B45D300A032DC /* Frameworks */ = {
			isa = PBXFrameworksBuildPhase;
			buildActionMask = 2147483647;
			files = (
			);
			runOnlyForDeploymentPostprocessing = 0;
		};
		15B148222D5B45D300A032DC /* Frameworks */ = {
			isa = PBXFrameworksBuildPhase;
			buildActionMask = 2147483647;
			files = (
			);
			runOnlyForDeploymentPostprocessing = 0;
		};
/* End PBXFrameworksBuildPhase section */

/* Begin PBXGroup section */
		15B147FC2D5B45D200A032DC = {
			isa = PBXGroup;
			children = (
				15B148072D5B45D200A032DC /* CurrencyExchangeApp */,
				15B1481E2D5B45D300A032DC /* CurrencyExchangeAppTests */,
				15B148282D5B45D300A032DC /* CurrencyExchangeAppUITests */,
				15B148062D5B45D200A032DC /* Products */,
			);
			sourceTree = "<group>";
		};
		15B148062D5B45D200A032DC /* Products */ = {
			isa = PBXGroup;
			children = (
				15B148052D5B45D200A032DC /* CurrencyExchangeApp.app */,
				15B1481B2D5B45D300A032DC /* CurrencyExchangeAppTests.xctest */,
				15B148252D5B45D300A032DC /* CurrencyExchangeAppUITests.xctest */,
			);
			name = Products;
			sourceTree = "<group>";
		};
/* End PBXGroup section */

/* Begin PBXNativeTarget section */
		15B148042D5B45D200A032DC /* CurrencyExchangeApp */ = {
			isa = PBXNativeTarget;
			buildConfigurationList = 15B1482E2D5B45D300A032DC /* Build configuration list for PBXNativeTarget "CurrencyExchangeApp" */;
			buildPhases = (
				15B148012D5B45D200A032DC /* Sources */,
				15B148022D5B45D200A032DC /* Frameworks */,
				15B148032D5B45D200A032DC /* Resources */,
			);
			buildRules = (
			);
			dependencies = (
			);
			fileSystemSynchronizedGroups = (
				15B148072D5B45D200A032DC /* CurrencyExchangeApp */,
			);
			name = CurrencyExchangeApp;
			packageProductDependencies = (
			);
			productName = CurrencyExchangeApp;
			productReference = 15B148052D5B45D200A032DC /* CurrencyExchangeApp.app */;
			productType = "com.apple.product-type.application";
		};
		15B1481A2D5B45D300A032DC /* CurrencyExchangeAppTests */ = {
			isa = PBXNativeTarget;
			buildConfigurationList = 15B148332D5B45D300A032DC /* Build configuration list for PBXNativeTarget "CurrencyExchangeAppTests" */;
			buildPhases = (
				15B148172D5B45D300A032DC /* Sources */,
				15B148182D5B45D300A032DC /* Frameworks */,
				15B148192D5B45D300A032DC /* Resources */,
			);
			buildRules = (
			);
			dependencies = (
				15B1481D2D5B45D300A032DC /* PBXTargetDependency */,
			);
			fileSystemSynchronizedGroups = (
				15B1481E2D5B45D300A032DC /* CurrencyExchangeAppTests */,
			);
			name = CurrencyExchangeAppTests;
			packageProductDependencies = (
			);
			productName = CurrencyExchangeAppTests;
			productReference = 15B1481B2D5B45D300A032DC /* CurrencyExchangeAppTests.xctest */;
			productType = "com.apple.product-type.bundle.unit-test";
		};
		15B148242D5B45D300A032DC /* CurrencyExchangeAppUITests */ = {
			isa = PBXNativeTarget;
			buildConfigurationList = 15B148362D5B45D300A032DC /* Build configuration list for PBXNativeTarget "CurrencyExchangeAppUITests" */;
			buildPhases = (
				15B148212D5B45D300A032DC /* Sources */,
				15B148222D5B45D300A032DC /* Frameworks */,
				15B148232D5B45D300A032DC /* Resources */,
			);
			buildRules = (
			);
			dependencies = (
				15B148272D5B45D300A032DC /* PBXTargetDependency */,
			);
			fileSystemSynchronizedGroups = (
				15B148282D5B45D300A032DC /* CurrencyExchangeAppUITests */,
			);
			name = CurrencyExchangeAppUITests;
			packageProductDependencies = (
			);
			productName = CurrencyExchangeAppUITests;
			productReference = 15B148252D5B45D300A032DC /* CurrencyExchangeAppUITests.xctest */;
			productType = "com.apple.product-type.bundle.ui-testing";
		};
/* End PBXNativeTarget section */

/* Begin PBXProject section */
		15B147FD2D5B45D200A032DC /* Project object */ = {
			isa = PBXProject;
			attributes = {
				BuildIndependentTargetsInParallel = 1;
				LastSwiftUpdateCheck = 1620;
				LastUpgradeCheck = 1620;
				TargetAttributes = {
					15B148042D5B45D200A032DC = {
						CreatedOnToolsVersion = 16.2;
					};
					15B1481A2D5B45D300A032DC = {
						CreatedOnToolsVersion = 16.2;
						TestTargetID = 15B148042D5B45D200A032DC;
					};
					15B148242D5B45D300A032DC = {
						CreatedOnToolsVersion = 16.2;
						TestTargetID = 15B148042D5B45D200A032DC;
					};
				};
			};
			buildConfigurationList = 15B148002D5B45D200A032DC /* Build configuration list for PBXProject "CurrencyExchangeApp" */;
			developmentRegion = en;
			hasScannedForEncodings = 0;
			knownRegions = (
				en,
				Base,
			);
			mainGroup = 15B147FC2D5B45D200A032DC;
			minimizedProjectReferenceProxies = 1;
			preferredProjectObjectVersion = 77;
			productRefGroup = 15B148062D5B45D200A032DC /* Products */;
			projectDirPath = "";
			projectRoot = "";
			targets = (
				15B148042D5B45D200A032DC /* CurrencyExchangeApp */,
				15B1481A2D5B45D300A032DC /* CurrencyExchangeAppTests */,
				15B148242D5B45D300A032DC /* CurrencyExchangeAppUITests */,
			);
		};
/* End PBXProject section */

/* Begin PBXResourcesBuildPhase section */
		15B148032D5B45D200A032DC /* Resources */ = {
			isa = PBXResourcesBuildPhase;
			buildActionMask = 2147483647;
			files = (
			);
			runOnlyForDeploymentPostprocessing = 0;
		};
		15B148192D5B45D300A032DC /* Resources */ = {
			isa = PBXResourcesBuildPhase;
			buildActionMask = 2147483647;
			files = (
			);
			runOnlyForDeploymentPostprocessing = 0;
		};
		15B148232D5B45D300A032DC /* Resources */ = {
			isa = PBXResourcesBuildPhase;
			buildActionMask = 2147483647;
			files = (
			);
			runOnlyForDeploymentPostprocessing = 0;
		};
/* End PBXResourcesBuildPhase section */

/* Begin PBXSourcesBuildPhase section */
		15B148012D5B45D200A032DC /* Sources */ = {
			isa = PBXSourcesBuildPhase;
			buildActionMask = 2147483647;
			files = (
			);
			runOnlyForDeploymentPostprocessing = 0;
		};
		15B148172D5B45D300A032DC /* Sources */ = {
			isa = PBXSourcesBuildPhase;
			buildActionMask = 2147483647;
			files = (
			);
			runOnlyForDeploymentPostprocessing = 0;
		};
		15B148212D5B45D300A032DC /* Sources */ = {
			isa = PBXSourcesBuildPhase;
			buildActionMask = 2147483647;
			files = (
			);
			runOnlyForDeploymentPostprocessing = 0;
		};
/* End PBXSourcesBuildPhase section */

/* Begin PBXTargetDependency section */
		15B1481D2D5B45D300A032DC /* PBXTargetDependency */ = {
			isa = PBXTargetDependency;
			target = 15B148042D5B45D200A032DC /* CurrencyExchangeApp */;
			targetProxy = 15B1481C2D5B45D300A032DC /* PBXContainerItemProxy */;
		};
		15B148272D5B45D300A032DC /* PBXTargetDependency */ = {
			isa = PBXTargetDependency;
			target = 15B148042D5B45D200A032DC /* CurrencyExchangeApp */;
			targetProxy = 15B148262D5B45D300A032DC /* PBXContainerItemProxy */;
		};
/* End PBXTargetDependency section */

/* Begin XCBuildConfiguration section */
		15B1482F2D5B45D300A032DC /* Debug */ = {
			isa = XCBuildConfiguration;
			buildSettings = {
				ASSETCATALOG_COMPILER_APPICON_NAME = AppIcon;
				ASSETCATALOG_COMPILER_GLOBAL_ACCENT_COLOR_NAME = AccentColor;
				CODE_SIGN_STYLE = Automatic;
				CURRENT_PROJECT_VERSION = 1;
				DEVELOPMENT_TEAM = KP96PSKRAX;
				GENERATE_INFOPLIST_FILE = YES;
				INFOPLIST_FILE = CurrencyExchangeApp/Info.plist;
				INFOPLIST_KEY_UIApplicationSupportsIndirectInputEvents = YES;
				INFOPLIST_KEY_UILaunchStoryboardName = LaunchScreen;
				INFOPLIST_KEY_UIMainStoryboardFile = Main;
				INFOPLIST_KEY_UISupportedInterfaceOrientations_iPad = "UIInterfaceOrientationPortrait UIInterfaceOrientationPortraitUpsideDown UIInterfaceOrientationLandscapeLeft UIInterfaceOrientationLandscapeRight";
				INFOPLIST_KEY_UISupportedInterfaceOrientations_iPhone = "UIInterfaceOrientationPortrait UIInterfaceOrientationLandscapeLeft UIInterfaceOrientationLandscapeRight";
				LD_RUNPATH_SEARCH_PATHS = (
					"$(inherited)",
					"@executable_path/Frameworks",
				);
				MARKETING_VERSION = 1.0;
				PRODUCT_BUNDLE_IDENTIFIER = my.company.CurrencyExchangeApp;
				PRODUCT_NAME = "$(TARGET_NAME)";
				SWIFT_EMIT_LOC_STRINGS = YES;
				SWIFT_VERSION = 5.0;
				TARGETED_DEVICE_FAMILY = "1,2";
			};
			name = Debug;
		};
		15B148302D5B45D300A032DC /* Release */ = {
			isa = XCBuildConfiguration;
			buildSettings = {
				ASSETCATALOG_COMPILER_APPICON_NAME = AppIcon;
				ASSETCATALOG_COMPILER_GLOBAL_ACCENT_COLOR_NAME = AccentColor;
				CODE_SIGN_STYLE = Automatic;
				CURRENT_PROJECT_VERSION = 1;
				DEVELOPMENT_TEAM = KP96PSKRAX;
				GENERATE_INFOPLIST_FILE = YES;
				INFOPLIST_FILE = CurrencyExchangeApp/Info.plist;
				INFOPLIST_KEY_UIApplicationSupportsIndirectInputEvents = YES;
				INFOPLIST_KEY_UILaunchStoryboardName = LaunchScreen;
				INFOPLIST_KEY_UIMainStoryboardFile = Main;
				INFOPLIST_KEY_UISupportedInterfaceOrientations_iPad = "UIInterfaceOrientationPortrait UIInterfaceOrientationPortraitUpsideDown UIInterfaceOrientationLandscapeLeft UIInterfaceOrientationLandscapeRight";
				INFOPLIST_KEY_UISupportedInterfaceOrientations_iPhone = "UIInterfaceOrientationPortrait UIInterfaceOrientationLandscapeLeft UIInterfaceOrientationLandscapeRight";
				LD_RUNPATH_SEARCH_PATHS = (
					"$(inherited)",
					"@executable_path/Frameworks",
				);
				MARKETING_VERSION = 1.0;
				PRODUCT_BUNDLE_IDENTIFIER = my.company.CurrencyExchangeApp;
				PRODUCT_NAME = "$(TARGET_NAME)";
				SWIFT_EMIT_LOC_STRINGS = YES;
				SWIFT_VERSION = 5.0;
				TARGETED_DEVICE_FAMILY = "1,2";
			};
			name = Release;
		};
		15B148312D5B45D300A032DC /* Debug */ = {
			isa = XCBuildConfiguration;
			buildSettings = {
				ALWAYS_SEARCH_USER_PATHS = NO;
				ASSETCATALOG_COMPILER_GENERATE_SWIFT_ASSET_SYMBOL_EXTENSIONS = YES;
				CLANG_ANALYZER_NONNULL = YES;
				CLANG_ANALYZER_NUMBER_OBJECT_CONVERSION = YES_AGGRESSIVE;
				CLANG_CXX_LANGUAGE_STANDARD = "gnu++20";
				CLANG_ENABLE_MODULES = YES;
				CLANG_ENABLE_OBJC_ARC = YES;
				CLANG_ENABLE_OBJC_WEAK = YES;
				CLANG_WARN_BLOCK_CAPTURE_AUTORELEASING = YES;
				CLANG_WARN_BOOL_CONVERSION = YES;
				CLANG_WARN_COMMA = YES;
				CLANG_WARN_CONSTANT_CONVERSION = YES;
				CLANG_WARN_DEPRECATED_OBJC_IMPLEMENTATIONS = YES;
				CLANG_WARN_DIRECT_OBJC_ISA_USAGE = YES_ERROR;
				CLANG_WARN_DOCUMENTATION_COMMENTS = YES;
				CLANG_WARN_EMPTY_BODY = YES;
				CLANG_WARN_ENUM_CONVERSION = YES;
				CLANG_WARN_INFINITE_RECURSION = YES;
				CLANG_WARN_INT_CONVERSION = YES;
				CLANG_WARN_NON_LITERAL_NULL_CONVERSION = YES;
				CLANG_WARN_OBJC_IMPLICIT_RETAIN_SELF = YES;
				CLANG_WARN_OBJC_LITERAL_CONVERSION = YES;
				CLANG_WARN_OBJC_ROOT_CLASS = YES_ERROR;
				CLANG_WARN_QUOTED_INCLUDE_IN_FRAMEWORK_HEADER = YES;
				CLANG_WARN_RANGE_LOOP_ANALYSIS = YES;
				CLANG_WARN_STRICT_PROTOTYPES = YES;
				CLANG_WARN_SUSPICIOUS_MOVE = YES;
				CLANG_WARN_UNGUARDED_AVAILABILITY = YES_AGGRESSIVE;
				CLANG_WARN_UNREACHABLE_CODE = YES;
				CLANG_WARN__DUPLICATE_METHOD_MATCH = YES;
				COPY_PHASE_STRIP = NO;
				DEBUG_INFORMATION_FORMAT = dwarf;
				ENABLE_STRICT_OBJC_MSGSEND = YES;
				ENABLE_TESTABILITY = YES;
				ENABLE_USER_SCRIPT_SANDBOXING = YES;
				GCC_C_LANGUAGE_STANDARD = gnu17;
				GCC_DYNAMIC_NO_PIC = NO;
				GCC_NO_COMMON_BLOCKS = YES;
				GCC_OPTIMIZATION_LEVEL = 0;
				GCC_PREPROCESSOR_DEFINITIONS = (
					"DEBUG=1",
					"$(inherited)",
				);
				GCC_WARN_64_TO_32_BIT_CONVERSION = YES;
				GCC_WARN_ABOUT_RETURN_TYPE = YES_ERROR;
				GCC_WARN_UNDECLARED_SELECTOR = YES;
				GCC_WARN_UNINITIALIZED_AUTOS = YES_AGGRESSIVE;
				GCC_WARN_UNUSED_FUNCTION = YES;
				GCC_WARN_UNUSED_VARIABLE = YES;
				IPHONEOS_DEPLOYMENT_TARGET = 18.2;
				LOCALIZATION_PREFERS_STRING_CATALOGS = YES;
				MTL_ENABLE_DEBUG_INFO = INCLUDE_SOURCE;
				MTL_FAST_MATH = YES;
				ONLY_ACTIVE_ARCH = YES;
				SDKROOT = iphoneos;
				SWIFT_ACTIVE_COMPILATION_CONDITIONS = "DEBUG $(inherited)";
				SWIFT_OPTIMIZATION_LEVEL = "-Onone";
			};
			name = Debug;
		};
		15B148322D5B45D300A032DC /* Release */ = {
			isa = XCBuildConfiguration;
			buildSettings = {
				ALWAYS_SEARCH_USER_PATHS = NO;
				ASSETCATALOG_COMPILER_GENERATE_SWIFT_ASSET_SYMBOL_EXTENSIONS = YES;
				CLANG_ANALYZER_NONNULL = YES;
				CLANG_ANALYZER_NUMBER_OBJECT_CONVERSION = YES_AGGRESSIVE;
				CLANG_CXX_LANGUAGE_STANDARD = "gnu++20";
				CLANG_ENABLE_MODULES = YES;
				CLANG_ENABLE_OBJC_ARC = YES;
				CLANG_ENABLE_OBJC_WEAK = YES;
				CLANG_WARN_BLOCK_CAPTURE_AUTORELEASING = YES;
				CLANG_WARN_BOOL_CONVERSION = YES;
				CLANG_WARN_COMMA = YES;
				CLANG_WARN_CONSTANT_CONVERSION = YES;
				CLANG_WARN_DEPRECATED_OBJC_IMPLEMENTATIONS = YES;
				CLANG_WARN_DIRECT_OBJC_ISA_USAGE = YES_ERROR;
				CLANG_WARN_DOCUMENTATION_COMMENTS = YES;
				CLANG_WARN_EMPTY_BODY = YES;
				CLANG_WARN_ENUM_CONVERSION = YES;
				CLANG_WARN_INFINITE_RECURSION = YES;
				CLANG_WARN_INT_CONVERSION = YES;
				CLANG_WARN_NON_LITERAL_NULL_CONVERSION = YES;
				CLANG_WARN_OBJC_IMPLICIT_RETAIN_SELF = YES;
				CLANG_WARN_OBJC_LITERAL_CONVERSION = YES;
				CLANG_WARN_OBJC_ROOT_CLASS = YES_ERROR;
				CLANG_WARN_QUOTED_INCLUDE_IN_FRAMEWORK_HEADER = YES;
				CLANG_WARN_RANGE_LOOP_ANALYSIS = YES;
				CLANG_WARN_STRICT_PROTOTYPES = YES;
				CLANG_WARN_SUSPICIOUS_MOVE = YES;
				CLANG_WARN_UNGUARDED_AVAILABILITY = YES_AGGRESSIVE;
				CLANG_WARN_UNREACHABLE_CODE = YES;
				CLANG_WARN__DUPLICATE_METHOD_MATCH = YES;
				COPY_PHASE_STRIP = NO;
				DEBUG_INFORMATION_FORMAT = "dwarf-with-dsym";
				ENABLE_NS_ASSERTIONS = NO;
				ENABLE_STRICT_OBJC_MSGSEND = YES;
				ENABLE_USER_SCRIPT_SANDBOXING = YES;
				GCC_C_LANGUAGE_STANDARD = gnu17;
				GCC_NO_COMMON_BLOCKS = YES;
				GCC_WARN_64_TO_32_BIT_CONVERSION = YES;
				GCC_WARN_ABOUT_RETURN_TYPE = YES_ERROR;
				GCC_WARN_UNDECLARED_SELECTOR = YES;
				GCC_WARN_UNINITIALIZED_AUTOS = YES_AGGRESSIVE;
				GCC_WARN_UNUSED_FUNCTION = YES;
				GCC_WARN_UNUSED_VARIABLE = YES;
				IPHONEOS_DEPLOYMENT_TARGET = 18.2;
				LOCALIZATION_PREFERS_STRING_CATALOGS = YES;
				MTL_ENABLE_DEBUG_INFO = NO;
				MTL_FAST_MATH = YES;
				SDKROOT = iphoneos;
				SWIFT_COMPILATION_MODE = wholemodule;
				VALIDATE_PRODUCT = YES;
			};
			name = Release;
		};
		15B148342D5B45D300A032DC /* Debug */ = {
			isa = XCBuildConfiguration;
			buildSettings = {
				BUNDLE_LOADER = "$(TEST_HOST)";
				CODE_SIGN_STYLE = Automatic;
				CURRENT_PROJECT_VERSION = 1;
				DEVELOPMENT_TEAM = KP96PSKRAX;
				GENERATE_INFOPLIST_FILE = YES;
				IPHONEOS_DEPLOYMENT_TARGET = 18.2;
				MARKETING_VERSION = 1.0;
				PRODUCT_BUNDLE_IDENTIFIER = my.company.CurrencyExchangeAppTests;
				PRODUCT_NAME = "$(TARGET_NAME)";
				SWIFT_EMIT_LOC_STRINGS = NO;
				SWIFT_VERSION = 5.0;
				TARGETED_DEVICE_FAMILY = "1,2";
				TEST_HOST = "$(BUILT_PRODUCTS_DIR)/CurrencyExchangeApp.app/$(BUNDLE_EXECUTABLE_FOLDER_PATH)/CurrencyExchangeApp";
			};
			name = Debug;
		};
		15B148352D5B45D300A032DC /* Release */ = {
			isa = XCBuildConfiguration;
			buildSettings = {
				BUNDLE_LOADER = "$(TEST_HOST)";
				CODE_SIGN_STYLE = Automatic;
				CURRENT_PROJECT_VERSION = 1;
				DEVELOPMENT_TEAM = KP96PSKRAX;
				GENERATE_INFOPLIST_FILE = YES;
				IPHONEOS_DEPLOYMENT_TARGET = 18.2;
				MARKETING_VERSION = 1.0;
				PRODUCT_BUNDLE_IDENTIFIER = my.company.CurrencyExchangeAppTests;
				PRODUCT_NAME = "$(TARGET_NAME)";
				SWIFT_EMIT_LOC_STRINGS = NO;
				SWIFT_VERSION = 5.0;
				TARGETED_DEVICE_FAMILY = "1,2";
				TEST_HOST = "$(BUILT_PRODUCTS_DIR)/CurrencyExchangeApp.app/$(BUNDLE_EXECUTABLE_FOLDER_PATH)/CurrencyExchangeApp";
			};
			name = Release;
		};
		15B148372D5B45D300A032DC /* Debug */ = {
			isa = XCBuildConfiguration;
			buildSettings = {
				CODE_SIGN_STYLE = Automatic;
				CURRENT_PROJECT_VERSION = 1;
				DEVELOPMENT_TEAM = KP96PSKRAX;
				GENERATE_INFOPLIST_FILE = YES;
				MARKETING_VERSION = 1.0;
				PRODUCT_BUNDLE_IDENTIFIER = my.company.CurrencyExchangeAppUITests;
				PRODUCT_NAME = "$(TARGET_NAME)";
				SWIFT_EMIT_LOC_STRINGS = NO;
				SWIFT_VERSION = 5.0;
				TARGETED_DEVICE_FAMILY = "1,2";
				TEST_TARGET_NAME = CurrencyExchangeApp;
			};
			name = Debug;
		};
		15B148382D5B45D300A032DC /* Release */ = {
			isa = XCBuildConfiguration;
			buildSettings = {
				CODE_SIGN_STYLE = Automatic;
				CURRENT_PROJECT_VERSION = 1;
				DEVELOPMENT_TEAM = KP96PSKRAX;
				GENERATE_INFOPLIST_FILE = YES;
				MARKETING_VERSION = 1.0;
				PRODUCT_BUNDLE_IDENTIFIER = my.company.CurrencyExchangeAppUITests;
				PRODUCT_NAME = "$(TARGET_NAME)";
				SWIFT_EMIT_LOC_STRINGS = NO;
				SWIFT_VERSION = 5.0;
				TARGETED_DEVICE_FAMILY = "1,2";
				TEST_TARGET_NAME = CurrencyExchangeApp;
			};
			name = Release;
		};
/* End XCBuildConfiguration section */

/* Begin XCConfigurationList section */
		15B148002D5B45D200A032DC /* Build configuration list for PBXProject "CurrencyExchangeApp" */ = {
			isa = XCConfigurationList;
			buildConfigurations = (
				15B148312D5B45D300A032DC /* Debug */,
				15B148322D5B45D300A032DC /* Release */,
			);
			defaultConfigurationIsVisible = 0;
			defaultConfigurationName = Release;
		};
		15B1482E2D5B45D300A032DC /* Build configuration list for PBXNativeTarget "CurrencyExchangeApp" */ = {
			isa = XCConfigurationList;
			buildConfigurations = (
				15B1482F2D5B45D300A032DC /* Debug */,
				15B148302D5B45D300A032DC /* Release */,
			);
			defaultConfigurationIsVisible = 0;
			defaultConfigurationName = Release;
		};
		15B148332D5B45D300A032DC /* Build configuration list for PBXNativeTarget "CurrencyExchangeAppTests" */ = {
			isa = XCConfigurationList;
			buildConfigurations = (
				15B148342D5B45D300A032DC /* Debug */,
				15B148352D5B45D300A032DC /* Release */,
			);
			defaultConfigurationIsVisible = 0;
			defaultConfigurationName = Release;
		};
		15B148362D5B45D300A032DC /* Build configuration list for PBXNativeTarget "CurrencyExchangeAppUITests" */ = {
			isa = XCConfigurationList;
			buildConfigurations = (
				15B148372D5B45D300A032DC /* Debug */,
				15B148382D5B45D300A032DC /* Release */,
			);
			defaultConfigurationIsVisible = 0;
			defaultConfigurationName = Release;
		};
/* End XCConfigurationList section */
	};
	rootObject = 15B147FD2D5B45D200A032DC /* Project object */;
}
